
Microsoft Visual Studio Solution File, Format Version 12.00
# Visual Studio Version 17
VisualStudioVersion = 17.1.32421.90
MinimumVisualStudioVersion = 10.0.40219.1
Project("{FAE04EC0-301F-11D3-BF4B-00C04F79EFBC}") = "Jogo", "Form-Jogo\Jogo.csproj", "{B76C93CF-F3F3-43BE-A8C5-D261F27691E7}"
EndProject
Global
	GlobalSection(SolutionConfigurationPlatforms) = preSolution
		Debug|Any CPU = Debug|Any CPU
		Release|Any CPU = Release|Any CPU
	EndGlobalSection
	GlobalSection(ProjectConfigurationPlatforms) = postSolution
		{B76C93CF-F3F3-43BE-A8C5-D261F27691E7}.Debug|Any CPU.ActiveCfg = Debug|Any CPU
		{B76C93CF-F3F3-43BE-A8C5-D261F27691E7}.Debug|Any CPU.Build.0 = Debug|Any CPU
		{B76C93CF-F3F3-43BE-A8C5-D261F27691E7}.Release|Any CPU.ActiveCfg = Release|Any CPU
		{B76C93CF-F3F3-43BE-A8C5-D261F27691E7}.Release|Any CPU.Build.0 = Release|Any CPU
	EndGlobalSection
	GlobalSection(SolutionProperties) = preSolution
		HideSolutionNode = FALSE
	EndGlobalSection
	GlobalSection(ExtensibilityGlobals) = postSolution
		SolutionGuid = {8696A5C8-4515-4CBF-9257-7BD37FA493F9}
	EndGlobalSection
EndGlobal
